
Microsoft Visual Studio Solution File, Format Version 12.00
# Visual Studio Version 16
VisualStudioVersion = 16.0.29519.181
MinimumVisualStudioVersion = 10.0.40219.1
Project("{FAE04EC0-301F-11D3-BF4B-00C04F79EFBC}") = "Assignment Part A", "New Assignment Database\Assignment Part A.csproj", "{FFB5197B-5BC9-424B-B5D4-77021AF693CA}"
EndProject
Global
	GlobalSection(SolutionConfigurationPlatforms) = preSolution
		Debug|Any CPU = Debug|Any CPU
		Release|Any CPU = Release|Any CPU
	EndGlobalSection
	GlobalSection(ProjectConfigurationPlatforms) = postSolution
		{FFB5197B-5BC9-424B-B5D4-77021AF693CA}.Debug|Any CPU.ActiveCfg = Debug|Any CPU
		{FFB5197B-5BC9-424B-B5D4-77021AF693CA}.Debug|Any CPU.Build.0 = Debug|Any CPU
		{FFB5197B-5BC9-424B-B5D4-77021AF693CA}.Release|Any CPU.ActiveCfg = Release|Any CPU
		{FFB5197B-5BC9-424B-B5D4-77021AF693CA}.Release|Any CPU.Build.0 = Release|Any CPU
	EndGlobalSection
	GlobalSection(SolutionProperties) = preSolution
		HideSolutionNode = FALSE
	EndGlobalSection
	GlobalSection(ExtensibilityGlobals) = postSolution
		SolutionGuid = {67820D73-E6D8-4165-B85C-99D593C61BDB}
	EndGlobalSection
EndGlobal
